{
  "name": "ajs8-3-homework-part-2",
  "version": "1.0.0",
  "lockfileVersion": 3,
  "requires": true,
  "packages": {
    "": {
      "name": "ajs8-3-homework-part-2",
      "version": "1.0.0",
      "license": "ISC",
      "dependencies": {
        "@ilya112k/ajs8-3-homework": "^1.0.0"
      }
    },
    "node_modules/@ilya112k/ajs8-3-homework": {
      "version": "1.0.0",
      "resolved": "https://npm.pkg.github.com/download/@ilya112k/ajs8-3-homework/1.0.0/56080927eaf1b71b6c90d69b616e4d5e923bfb45",
      "integrity": "sha512-E001fk/+W+PjYSk7vZQId3zBQRtO7c6HEZhDTKFfwitqYzbf52qwQpz78oQbruAu1aMTJ2QiyydVmyTA8ZrT8g==",
      "license": "ISC"
    }
  }
}
